
Microsoft Visual Studio Solution File, Format Version 12.00
# Visual Studio Version 17
VisualStudioVersion = 17.10.35013.160
MinimumVisualStudioVersion = 10.0.40219.1
Project("{9A19103F-16F7-4668-BE54-9A1E7A4F7556}") = "pdf-to-png-poc", "pdf-to-png-poc.csproj", "{0A039FF1-EAE2-4AA7-8CCB-37E309A0A58C}"
EndProject
Global
	GlobalSection(SolutionConfigurationPlatforms) = preSolution
		Debug|Any CPU = Debug|Any CPU
		Release|Any CPU = Release|Any CPU
	EndGlobalSection
	GlobalSection(ProjectConfigurationPlatforms) = postSolution
		{0A039FF1-EAE2-4AA7-8CCB-37E309A0A58C}.Debug|Any CPU.ActiveCfg = Debug|Any CPU
		{0A039FF1-EAE2-4AA7-8CCB-37E309A0A58C}.Debug|Any CPU.Build.0 = Debug|Any CPU
		{0A039FF1-EAE2-4AA7-8CCB-37E309A0A58C}.Release|Any CPU.ActiveCfg = Release|Any CPU
		{0A039FF1-EAE2-4AA7-8CCB-37E309A0A58C}.Release|Any CPU.Build.0 = Release|Any CPU
	EndGlobalSection
	GlobalSection(SolutionProperties) = preSolution
		HideSolutionNode = FALSE
	EndGlobalSection
	GlobalSection(ExtensibilityGlobals) = postSolution
		SolutionGuid = {019648B9-A624-467A-BC42-14477A8B2DB0}
	EndGlobalSection
EndGlobal
